<?xml version="1.0" encoding="utf-8"?>
<Project ToolsVersion="4.0" xmlns="http://schemas.microsoft.com/developer/msbuild/2003">
  <ItemGroup>
    <Filter Include="Source Files">
      <UniqueIdentifier>{4FC737F1-C7A5-4376-A066-2A32D752A2FF}</UniqueIdentifier>
      <Extensions>cpp;c;cc;cxx;def;odl;idl;hpj;bat;asm;asmx</Extensions>
    </Filter>
    <Filter Include="Header Files">
      <UniqueIdentifier>{93995380-89BD-4b04-88EB-625FBE52EBFB}</UniqueIdentifier>
      <Extensions>h;hpp;hxx;hm;inl;inc;xsd</Extensions>
    </Filter>
    <Filter Include="Resource Files">
      <UniqueIdentifier>{67DA6AB6-F800-4c08-8B7A-83BB121AAD01}</UniqueIdentifier>
      <Extensions>rc;ico;cur;bmp;dlg;rc2;rct;bin;rgs;gif;jpg;jpeg;jpe;resx;tiff;tif;png;wav;mfcribbon-ms</Extensions>
    </Filter>
    <Filter Include="Shaders">
      <UniqueIdentifier>{5fc848c9-353d-46e5-99f6-fd03dd9ef628}</UniqueIdentifier>
    </Filter>
    <Filter Include="Helpers">
      <UniqueIdentifier>{1bd46b34-7d61-43c6-a49e-c7b8ce7fc955}</UniqueIdentifier>
    </Filter>
    <Filter Include="Players">
      <UniqueIdentifier>{6cd8e8da-6c65-4a38-9e43-3a5f51ec81c0}</UniqueIdentifier>
    </Filter>
    <Filter Include="EDE">
      <UniqueIdentifier>{ea9ebf1e-ffac-4a2b-ba9b-3f7e529bdb24}</UniqueIdentifier>
    </Filter>
    <Filter Include="EDE\Raw EDE">
      <UniqueIdentifier>{b1ddcf05-e0a3-4b90-b017-e98dc486a17e}</UniqueIdentifier>
    </Filter>
    <Filter Include="Helpers\Math">
      <UniqueIdentifier>{32c1c103-0f15-464f-8382-30a591a54be8}</UniqueIdentifier>
    </Filter>
    <Filter Include="Players\Recorders">
      <UniqueIdentifier>{41a0b93b-26d2-4eec-bb80-69da7e233e1a}</UniqueIdentifier>
    </Filter>
    <Filter Include="Visibility">
      <UniqueIdentifier>{d317c4cb-be91-4881-8519-507a3cb66a9a}</UniqueIdentifier>
    </Filter>
  </ItemGroup>
  <ItemGroup>
    <ClCompile Include="openGLWrapper.cpp">
      <Filter>Source Files</Filter>
    </ClCompile>
    <ClCompile Include="main.cpp">
      <Filter>Source Files</Filter>
    </ClCompile>
    <ClCompile Include="glconfig.cpp">
      <Filter>Resource Files</Filter>
    </ClCompile>
    <ClCompile Include="glshaderloader.cpp">
      <Filter>Resource Files</Filter>
    </ClCompile>
    <ClCompile Include="glcamera.cpp">
      <Filter>Resource Files</Filter>
    </ClCompile>
    <ClCompile Include="glmesh3d.cpp">
      <Filter>Resource Files</Filter>
    </ClCompile>
    <ClCompile Include="edfile.cpp">
      <Filter>Helpers</Filter>
    </ClCompile>
    <ClCompile Include="edlogger.cpp">
      <Filter>Helpers</Filter>
    </ClCompile>
    <ClCompile Include="glscenario.cpp">
      <Filter>Resource Files</Filter>
    </ClCompile>
    <ClCompile Include="glfreeplayer.cpp">
      <Filter>Players</Filter>
    </ClCompile>
    <ClCompile Include="glplayer.cpp">
      <Filter>Players</Filter>
    </ClCompile>
    <ClCompile Include="glwalkthroughplayer.cpp">
      <Filter>Players</Filter>
    </ClCompile>
    <ClCompile Include="glbasicede.cpp">
      <Filter>EDE</Filter>
    </ClCompile>
    <ClCompile Include="gledemakerplayer.cpp">
      <Filter>Players</Filter>
    </ClCompile>
    <ClCompile Include="gloctree.cpp">
      <Filter>EDE\Raw EDE</Filter>
    </ClCompile>
    <ClCompile Include="glmathhelper.cpp">
      <Filter>Helpers\Math</Filter>
    </ClCompile>
    <ClCompile Include="triangle_cube.cpp">
      <Filter>Helpers\Math</Filter>
    </ClCompile>
    <ClCompile Include="gloctreeede.cpp">
      <Filter>EDE</Filter>
    </ClCompile>
    <ClCompile Include="glsoctree.cpp">
      <Filter>EDE\Raw EDE</Filter>
    </ClCompile>
    <ClCompile Include="glsoctreeede.cpp">
      <Filter>EDE</Filter>
    </ClCompile>
    <ClCompile Include="glroctree.cpp">
      <Filter>EDE\Raw EDE</Filter>
    </ClCompile>
    <ClCompile Include="glroctreeede.cpp">
      <Filter>EDE</Filter>
    </ClCompile>
    <ClCompile Include="glbatch.cpp">
      <Filter>Source Files</Filter>
    </ClCompile>
    <ClCompile Include="glbuffer.cpp">
      <Filter>Source Files</Filter>
    </ClCompile>
    <ClCompile Include="gldynamic.cpp">
      <Filter>Resource Files</Filter>
    </ClCompile>
    <ClCompile Include="glpath.cpp">
      <Filter>Resource Files</Filter>
    </ClCompile>
    <ClCompile Include="glbirdseyeplayer.cpp">
      <Filter>Players</Filter>
    </ClCompile>
    <ClCompile Include="glbasegrid.cpp">
      <Filter>EDE\Raw EDE</Filter>
    </ClCompile>
    <ClCompile Include="glbasegridede.cpp">
      <Filter>EDE</Filter>
    </ClCompile>
    <ClCompile Include="glcgridede.cpp">
      <Filter>EDE</Filter>
    </ClCompile>
    <ClCompile Include="glrecordpathplayer.cpp">
      <Filter>Players\Recorders</Filter>
    </ClCompile>
    <ClCompile Include="glsequentialrecorderplayer.cpp">
      <Filter>Players\Recorders</Filter>
    </ClCompile>
    <ClCompile Include="glsequentialflyingrecorderplayer.cpp">
      <Filter>Players\Recorders</Filter>
    </ClCompile>
  </ItemGroup>
  <ItemGroup>
    <ClInclude Include="openGLWrapper.h">
      <Filter>Source Files</Filter>
    </ClInclude>
    <ClInclude Include="glconfig.h">
      <Filter>Header Files</Filter>
    </ClInclude>
    <ClInclude Include="glshaderloader.h">
      <Filter>Header Files</Filter>
    </ClInclude>
    <ClInclude Include="glcamera.h">
      <Filter>Header Files</Filter>
    </ClInclude>
    <ClInclude Include="glmesh3d.h">
      <Filter>Header Files</Filter>
    </ClInclude>
    <ClInclude Include="glprinthelper.h">
      <Filter>Header Files</Filter>
    </ClInclude>
    <ClInclude Include="edfile.h">
      <Filter>Helpers</Filter>
    </ClInclude>
    <ClInclude Include="edlogger.h">
      <Filter>Helpers</Filter>
    </ClInclude>
    <ClInclude Include="glenums.h">
      <Filter>Helpers</Filter>
    </ClInclude>
    <ClInclude Include="glscenario.h">
      <Filter>Header Files</Filter>
    </ClInclude>
    <ClInclude Include="glfreeplayer.h">
      <Filter>Players</Filter>
    </ClInclude>
    <ClInclude Include="glplayer.h">
      <Filter>Players</Filter>
    </ClInclude>
    <ClInclude Include="glwalkthroughplayer.h">
      <Filter>Players</Filter>
    </ClInclude>
    <ClInclude Include="glbasicede.h">
      <Filter>EDE</Filter>
    </ClInclude>
    <ClInclude Include="gledemakerplayer.h">
      <Filter>Players</Filter>
    </ClInclude>
    <ClInclude Include="gloctree.h">
      <Filter>EDE\Raw EDE</Filter>
    </ClInclude>
    <ClInclude Include="glmathhelper.h">
      <Filter>Helpers\Math</Filter>
    </ClInclude>
    <ClInclude Include="triangle_cube.h">
      <Filter>Helpers\Math</Filter>
    </ClInclude>
    <ClInclude Include="gloctreeede.h">
      <Filter>EDE</Filter>
    </ClInclude>
    <ClInclude Include="glsoctree.h">
      <Filter>EDE\Raw EDE</Filter>
    </ClInclude>
    <ClInclude Include="glsoctreeede.h">
      <Filter>EDE</Filter>
    </ClInclude>
    <ClInclude Include="glroctree.h">
      <Filter>EDE\Raw EDE</Filter>
    </ClInclude>
    <ClInclude Include="glroctreeede.h">
      <Filter>EDE</Filter>
    </ClInclude>
    <ClInclude Include="glbatch.h">
      <Filter>Source Files</Filter>
    </ClInclude>
    <ClInclude Include="glbuffer.h">
      <Filter>Source Files</Filter>
    </ClInclude>
    <ClInclude Include="gldynamic.h">
      <Filter>Header Files</Filter>
    </ClInclude>
    <ClInclude Include="glpath.h">
      <Filter>Header Files</Filter>
    </ClInclude>
    <ClInclude Include="glbirdseyeplayer.h">
      <Filter>Players</Filter>
    </ClInclude>
    <ClInclude Include="glbasegrid.h">
      <Filter>EDE\Raw EDE</Filter>
    </ClInclude>
    <ClInclude Include="glbasegridede.h">
      <Filter>EDE</Filter>
    </ClInclude>
    <ClInclude Include="glscenariomacros.h">
      <Filter>Source Files</Filter>
    </ClInclude>
    <ClInclude Include="glcgridede.h">
      <Filter>EDE</Filter>
    </ClInclude>
    <ClInclude Include="glsequentialrecorderplayer.h">
      <Filter>Players\Recorders</Filter>
    </ClInclude>
    <ClInclude Include="glrecordpathplayer.h">
      <Filter>Players\Recorders</Filter>
    </ClInclude>
    <ClInclude Include="glsequentialflyingrecorder.h">
      <Filter>Players\Recorders</Filter>
    </ClInclude>
    <ClInclude Include="glocclussion.h">
      <Filter>Visibility</Filter>
    </ClInclude>
  </ItemGroup>
  <ItemGroup>
    <Text Include="vertexshader.txt">
      <Filter>Shaders</Filter>
    </Text>
    <Text Include="fragmentshader.txt">
      <Filter>Shaders</Filter>
    </Text>
    <Text Include="mvpshader.txt">
      <Filter>Shaders</Filter>
    </Text>
    <Text Include="toonfragmentshader.txt">
      <Filter>Shaders</Filter>
    </Text>
    <Text Include="normalfragmentshader.txt">
      <Filter>Shaders</Filter>
    </Text>
    <Text Include="dynamicvshader.txt">
      <Filter>Shaders</Filter>
    </Text>
    <Text Include="dynamicnshader.txt">
      <Filter>Shaders</Filter>
    </Text>
  </ItemGroup>
</Project>