
Microsoft Visual Studio Solution File, Format Version 12.00
# Visual Studio 2012
Project("{8BC9CEB8-8B4A-11D0-8D11-00A0C91BC942}") = "FirstGLSL", "FirstGLSL\FirstGLSL.vcxproj", "{7632BD1B-438D-4A36-9F8E-1E87790463BA}"
EndProject
Global
	GlobalSection(SolutionConfigurationPlatforms) = preSolution
		Debug|Win32 = Debug|Win32
		Release|Win32 = Release|Win32
	EndGlobalSection
	GlobalSection(ProjectConfigurationPlatforms) = postSolution
		{7632BD1B-438D-4A36-9F8E-1E87790463BA}.Debug|Win32.ActiveCfg = Debug|Win32
		{7632BD1B-438D-4A36-9F8E-1E87790463BA}.Debug|Win32.Build.0 = Debug|Win32
		{7632BD1B-438D-4A36-9F8E-1E87790463BA}.Release|Win32.ActiveCfg = Release|Win32
		{7632BD1B-438D-4A36-9F8E-1E87790463BA}.Release|Win32.Build.0 = Release|Win32
	EndGlobalSection
	GlobalSection(SolutionProperties) = preSolution
		HideSolutionNode = FALSE
	EndGlobalSection
EndGlobal
